
Microsoft Visual Studio Solution File, Format Version 12.00
# Visual Studio 15
VisualStudioVersion = 15.0.28307.960
MinimumVisualStudioVersion = 10.0.40219.1
Project("{FAE04EC0-301F-11D3-BF4B-00C04F79EFBC}") = "Q382", "Q382\Q382.csproj", "{286C7806-C11B-4B3C-B364-C277069BCC11}"
EndProject
Global
	GlobalSection(SolutionConfigurationPlatforms) = preSolution
		Debug|Any CPU = Debug|Any CPU
		Release|Any CPU = Release|Any CPU
	EndGlobalSection
	GlobalSection(ProjectConfigurationPlatforms) = postSolution
		{286C7806-C11B-4B3C-B364-C277069BCC11}.Debug|Any CPU.ActiveCfg = Debug|Any CPU
		{286C7806-C11B-4B3C-B364-C277069BCC11}.Debug|Any CPU.Build.0 = Debug|Any CPU
		{286C7806-C11B-4B3C-B364-C277069BCC11}.Release|Any CPU.ActiveCfg = Release|Any CPU
		{286C7806-C11B-4B3C-B364-C277069BCC11}.Release|Any CPU.Build.0 = Release|Any CPU
	EndGlobalSection
	GlobalSection(SolutionProperties) = preSolution
		HideSolutionNode = FALSE
	EndGlobalSection
	GlobalSection(ExtensibilityGlobals) = postSolution
		SolutionGuid = {BE092206-1294-40D1-8B78-72E92D7DEB5A}
	EndGlobalSection
EndGlobal
